// !$*UTF8*$!
{
	archiveVersion = 1;
	classes = {
	};
	objectVersion = 55;
	objects = {

/* Begin PBXBuildFile section */
		3514567828FEA3FF00CEB5CE /* NetworkServices.swift in Sources */ = {isa = PBXBuildFile; fileRef = 3514567728FEA3FF00CEB5CE /* NetworkServices.swift */; };
		3514567A28FEA44F00CEB5CE /* NetworkConfig.swift in Sources */ = {isa = PBXBuildFile; fileRef = 3514567928FEA44F00CEB5CE /* NetworkConfig.swift */; };
		3514567C28FEA46100CEB5CE /* APIDataProtocol.swift in Sources */ = {isa = PBXBuildFile; fileRef = 3514567B28FEA46100CEB5CE /* APIDataProtocol.swift */; };
		3514568028FEA71400CEB5CE /* NetworkError.swift in Sources */ = {isa = PBXBuildFile; fileRef = 3514567F28FEA71400CEB5CE /* NetworkError.swift */; };
		3514569628FEB17200CEB5CE /* HomePostAPI.swift in Sources */ = {isa = PBXBuildFile; fileRef = 3514569528FEB17200CEB5CE /* HomePostAPI.swift */; };
		3514569828FEB2C200CEB5CE /* NetworkManager.swift in Sources */ = {isa = PBXBuildFile; fileRef = 3514569728FEB2C200CEB5CE /* NetworkManager.swift */; };
		351456AE28FEB56F00CEB5CE /* PostModel.swift in Sources */ = {isa = PBXBuildFile; fileRef = 351456AD28FEB56F00CEB5CE /* PostModel.swift */; };
		351456B028FEB57600CEB5CE /* UserModel.swift in Sources */ = {isa = PBXBuildFile; fileRef = 351456AF28FEB57600CEB5CE /* UserModel.swift */; };
		351456C328FEBA7100CEB5CE /* Date+Ext.swift in Sources */ = {isa = PBXBuildFile; fileRef = 351456C228FEBA7100CEB5CE /* Date+Ext.swift */; };
		351456C528FEBB9E00CEB5CE /* String+Ext.swift in Sources */ = {isa = PBXBuildFile; fileRef = 351456C428FEBB9E00CEB5CE /* String+Ext.swift */; };
		351456C928FEBC0B00CEB5CE /* HomePostVC.swift in Sources */ = {isa = PBXBuildFile; fileRef = 351456C828FEBC0B00CEB5CE /* HomePostVC.swift */; };
		351456CD28FEBCAB00CEB5CE /* SearchComponents.swift in Sources */ = {isa = PBXBuildFile; fileRef = 351456CC28FEBCAB00CEB5CE /* SearchComponents.swift */; };
		351456E228FEBDA200CEB5CE /* HomePostVMProtocol.swift in Sources */ = {isa = PBXBuildFile; fileRef = 351456E128FEBDA200CEB5CE /* HomePostVMProtocol.swift */; };
		351456E828FEC09400CEB5CE /* RxBehaviour.swift in Sources */ = {isa = PBXBuildFile; fileRef = 351456E728FEC09400CEB5CE /* RxBehaviour.swift */; };
		351456EB28FEC11600CEB5CE /* UIViewState.swift in Sources */ = {isa = PBXBuildFile; fileRef = 351456EA28FEC11600CEB5CE /* UIViewState.swift */; };
		351456ED28FEC17600CEB5CE /* RxPublished.swift in Sources */ = {isa = PBXBuildFile; fileRef = 351456EC28FEC17600CEB5CE /* RxPublished.swift */; };
		351456F028FEC21200CEB5CE /* TableSectionViewModel.swift in Sources */ = {isa = PBXBuildFile; fileRef = 351456EF28FEC21200CEB5CE /* TableSectionViewModel.swift */; };
		351456FD28FEC43A00CEB5CE /* UITableView+Ext.swift in Sources */ = {isa = PBXBuildFile; fileRef = 351456FC28FEC43A00CEB5CE /* UITableView+Ext.swift */; };
		3514571128FEC5F400CEB5CE /* Differentiator in Frameworks */ = {isa = PBXBuildFile; productRef = 3514571028FEC5F400CEB5CE /* Differentiator */; };
		3514571328FEC5F400CEB5CE /* RxDataSources in Frameworks */ = {isa = PBXBuildFile; productRef = 3514571228FEC5F400CEB5CE /* RxDataSources */; };
		3514571628FEC60B00CEB5CE /* SnapKit in Frameworks */ = {isa = PBXBuildFile; productRef = 3514571528FEC60B00CEB5CE /* SnapKit */; };
		3514572B28FEDD9700CEB5CE /* BaseVC.swift in Sources */ = {isa = PBXBuildFile; fileRef = 3514572A28FEDD9700CEB5CE /* BaseVC.swift */; };
		3514572E28FEDE3B00CEB5CE /* PostContentCard.swift in Sources */ = {isa = PBXBuildFile; fileRef = 3514572D28FEDE3B00CEB5CE /* PostContentCard.swift */; };
		3514573028FEDED100CEB5CE /* Infix+Assignment.swift in Sources */ = {isa = PBXBuildFile; fileRef = 3514572F28FEDED100CEB5CE /* Infix+Assignment.swift */; };
		3514573328FEDF3800CEB5CE /* Stack.swift in Sources */ = {isa = PBXBuildFile; fileRef = 3514573228FEDF3800CEB5CE /* Stack.swift */; };
		3514574928FEE15800CEB5CE /* PostCell.swift in Sources */ = {isa = PBXBuildFile; fileRef = 3514574828FEE15800CEB5CE /* PostCell.swift */; };
		3514574B28FEE21C00CEB5CE /* LineSeparator.swift in Sources */ = {isa = PBXBuildFile; fileRef = 3514574A28FEE21C00CEB5CE /* LineSeparator.swift */; };
		3514574E28FEE36B00CEB5CE /* UIView+Ext.swift in Sources */ = {isa = PBXBuildFile; fileRef = 3514574D28FEE36B00CEB5CE /* UIView+Ext.swift */; };
		3515CC1128FE783A00650FD4 /* AppDelegate.swift in Sources */ = {isa = PBXBuildFile; fileRef = 3515CC1028FE783A00650FD4 /* AppDelegate.swift */; };
		3515CC1328FE783A00650FD4 /* SceneDelegate.swift in Sources */ = {isa = PBXBuildFile; fileRef = 3515CC1228FE783A00650FD4 /* SceneDelegate.swift */; };
		3515CC1A28FE783E00650FD4 /* Assets.xcassets in Resources */ = {isa = PBXBuildFile; fileRef = 3515CC1928FE783E00650FD4 /* Assets.xcassets */; };
		3515CC1D28FE783E00650FD4 /* LaunchScreen.storyboard in Resources */ = {isa = PBXBuildFile; fileRef = 3515CC1B28FE783E00650FD4 /* LaunchScreen.storyboard */; };
		3515CC2828FE783F00650FD4 /* SocialAppTests.swift in Sources */ = {isa = PBXBuildFile; fileRef = 3515CC2728FE783F00650FD4 /* SocialAppTests.swift */; };
		3515CC3228FE783F00650FD4 /* SocialAppUITests.swift in Sources */ = {isa = PBXBuildFile; fileRef = 3515CC3128FE783F00650FD4 /* SocialAppUITests.swift */; };
		3515CC3428FE783F00650FD4 /* SocialAppUITestsLaunchTests.swift in Sources */ = {isa = PBXBuildFile; fileRef = 3515CC3328FE783F00650FD4 /* SocialAppUITestsLaunchTests.swift */; };
/* End PBXBuildFile section */

/* Begin PBXContainerItemProxy section */
		3515CC2428FE783F00650FD4 /* PBXContainerItemProxy */ = {
			isa = PBXContainerItemProxy;
			containerPortal = 3515CC0528FE783A00650FD4 /* Project object */;
			proxyType = 1;
			remoteGlobalIDString = 3515CC0C28FE783A00650FD4;
			remoteInfo = SocialApp;
		};
		3515CC2E28FE783F00650FD4 /* PBXContainerItemProxy */ = {
			isa = PBXContainerItemProxy;
			containerPortal = 3515CC0528FE783A00650FD4 /* Project object */;
			proxyType = 1;
			remoteGlobalIDString = 3515CC0C28FE783A00650FD4;
			remoteInfo = SocialApp;
		};
/* End PBXContainerItemProxy section */

/* Begin PBXFileReference section */
		3514567728FEA3FF00CEB5CE /* NetworkServices.swift */ = {isa = PBXFileReference; lastKnownFileType = sourcecode.swift; path = NetworkServices.swift; sourceTree = "<group>"; };
		3514567928FEA44F00CEB5CE /* NetworkConfig.swift */ = {isa = PBXFileReference; lastKnownFileType = sourcecode.swift; path = NetworkConfig.swift; sourceTree = "<group>"; };
		3514567B28FEA46100CEB5CE /* APIDataProtocol.swift */ = {isa = PBXFileReference; lastKnownFileType = sourcecode.swift; path = APIDataProtocol.swift; sourceTree = "<group>"; };
		3514567F28FEA71400CEB5CE /* NetworkError.swift */ = {isa = PBXFileReference; lastKnownFileType = sourcecode.swift; path = NetworkError.swift; sourceTree = "<group>"; };
		3514569528FEB17200CEB5CE /* HomePostAPI.swift */ = {isa = PBXFileReference; lastKnownFileType = sourcecode.swift; path = HomePostAPI.swift; sourceTree = "<group>"; };
		3514569728FEB2C200CEB5CE /* NetworkManager.swift */ = {isa = PBXFileReference; lastKnownFileType = sourcecode.swift; path = NetworkManager.swift; sourceTree = "<group>"; };
		351456AD28FEB56F00CEB5CE /* PostModel.swift */ = {isa = PBXFileReference; lastKnownFileType = sourcecode.swift; path = PostModel.swift; sourceTree = "<group>"; };
		351456AF28FEB57600CEB5CE /* UserModel.swift */ = {isa = PBXFileReference; lastKnownFileType = sourcecode.swift; path = UserModel.swift; sourceTree = "<group>"; };
		351456C228FEBA7100CEB5CE /* Date+Ext.swift */ = {isa = PBXFileReference; lastKnownFileType = sourcecode.swift; path = "Date+Ext.swift"; sourceTree = "<group>"; };
		351456C428FEBB9E00CEB5CE /* String+Ext.swift */ = {isa = PBXFileReference; lastKnownFileType = sourcecode.swift; path = "String+Ext.swift"; sourceTree = "<group>"; };
		351456C828FEBC0B00CEB5CE /* HomePostVC.swift */ = {isa = PBXFileReference; lastKnownFileType = sourcecode.swift; path = HomePostVC.swift; sourceTree = "<group>"; };
		351456CC28FEBCAB00CEB5CE /* SearchComponents.swift */ = {isa = PBXFileReference; lastKnownFileType = sourcecode.swift; path = SearchComponents.swift; sourceTree = "<group>"; };
		351456E128FEBDA200CEB5CE /* HomePostVMProtocol.swift */ = {isa = PBXFileReference; lastKnownFileType = sourcecode.swift; path = HomePostVMProtocol.swift; sourceTree = "<group>"; };
		351456E728FEC09400CEB5CE /* RxBehaviour.swift */ = {isa = PBXFileReference; lastKnownFileType = sourcecode.swift; path = RxBehaviour.swift; sourceTree = "<group>"; };
		351456EA28FEC11600CEB5CE /* UIViewState.swift */ = {isa = PBXFileReference; lastKnownFileType = sourcecode.swift; path = UIViewState.swift; sourceTree = "<group>"; };
		351456EC28FEC17600CEB5CE /* RxPublished.swift */ = {isa = PBXFileReference; lastKnownFileType = sourcecode.swift; path = RxPublished.swift; sourceTree = "<group>"; };
		351456EF28FEC21200CEB5CE /* TableSectionViewModel.swift */ = {isa = PBXFileReference; lastKnownFileType = sourcecode.swift; path = TableSectionViewModel.swift; sourceTree = "<group>"; };
		351456FC28FEC43A00CEB5CE /* UITableView+Ext.swift */ = {isa = PBXFileReference; lastKnownFileType = sourcecode.swift; path = "UITableView+Ext.swift"; sourceTree = "<group>"; };
		3514572A28FEDD9700CEB5CE /* BaseVC.swift */ = {isa = PBXFileReference; lastKnownFileType = sourcecode.swift; path = BaseVC.swift; sourceTree = "<group>"; };
		3514572D28FEDE3B00CEB5CE /* PostContentCard.swift */ = {isa = PBXFileReference; lastKnownFileType = sourcecode.swift; path = PostContentCard.swift; sourceTree = "<group>"; };
		3514572F28FEDED100CEB5CE /* Infix+Assignment.swift */ = {isa = PBXFileReference; lastKnownFileType = sourcecode.swift; path = "Infix+Assignment.swift"; sourceTree = "<group>"; };
		3514573228FEDF3800CEB5CE /* Stack.swift */ = {isa = PBXFileReference; lastKnownFileType = sourcecode.swift; path = Stack.swift; sourceTree = "<group>"; };
		3514574828FEE15800CEB5CE /* PostCell.swift */ = {isa = PBXFileReference; lastKnownFileType = sourcecode.swift; path = PostCell.swift; sourceTree = "<group>"; };
		3514574A28FEE21C00CEB5CE /* LineSeparator.swift */ = {isa = PBXFileReference; lastKnownFileType = sourcecode.swift; path = LineSeparator.swift; sourceTree = "<group>"; };
		3514574D28FEE36B00CEB5CE /* UIView+Ext.swift */ = {isa = PBXFileReference; lastKnownFileType = sourcecode.swift; path = "UIView+Ext.swift"; sourceTree = "<group>"; };
		3515CC0D28FE783A00650FD4 /* SocialApp.app */ = {isa = PBXFileReference; explicitFileType = wrapper.application; includeInIndex = 0; path = SocialApp.app; sourceTree = BUILT_PRODUCTS_DIR; };
		3515CC1028FE783A00650FD4 /* AppDelegate.swift */ = {isa = PBXFileReference; lastKnownFileType = sourcecode.swift; path = AppDelegate.swift; sourceTree = "<group>"; };
		3515CC1228FE783A00650FD4 /* SceneDelegate.swift */ = {isa = PBXFileReference; lastKnownFileType = sourcecode.swift; path = SceneDelegate.swift; sourceTree = "<group>"; };
		3515CC1928FE783E00650FD4 /* Assets.xcassets */ = {isa = PBXFileReference; lastKnownFileType = folder.assetcatalog; path = Assets.xcassets; sourceTree = "<group>"; };
		3515CC1C28FE783E00650FD4 /* Base */ = {isa = PBXFileReference; lastKnownFileType = file.storyboard; name = Base; path = Base.lproj/LaunchScreen.storyboard; sourceTree = "<group>"; };
		3515CC1E28FE783E00650FD4 /* Info.plist */ = {isa = PBXFileReference; lastKnownFileType = text.plist.xml; path = Info.plist; sourceTree = "<group>"; };
		3515CC2328FE783F00650FD4 /* SocialAppTests.xctest */ = {isa = PBXFileReference; explicitFileType = wrapper.cfbundle; includeInIndex = 0; path = SocialAppTests.xctest; sourceTree = BUILT_PRODUCTS_DIR; };
		3515CC2728FE783F00650FD4 /* SocialAppTests.swift */ = {isa = PBXFileReference; lastKnownFileType = sourcecode.swift; path = SocialAppTests.swift; sourceTree = "<group>"; };
		3515CC2D28FE783F00650FD4 /* SocialAppUITests.xctest */ = {isa = PBXFileReference; explicitFileType = wrapper.cfbundle; includeInIndex = 0; path = SocialAppUITests.xctest; sourceTree = BUILT_PRODUCTS_DIR; };
		3515CC3128FE783F00650FD4 /* SocialAppUITests.swift */ = {isa = PBXFileReference; lastKnownFileType = sourcecode.swift; path = SocialAppUITests.swift; sourceTree = "<group>"; };
		3515CC3328FE783F00650FD4 /* SocialAppUITestsLaunchTests.swift */ = {isa = PBXFileReference; lastKnownFileType = sourcecode.swift; path = SocialAppUITestsLaunchTests.swift; sourceTree = "<group>"; };
/* End PBXFileReference section */

/* Begin PBXFrameworksBuildPhase section */
		3515CC0A28FE783A00650FD4 /* Frameworks */ = {
			isa = PBXFrameworksBuildPhase;
			buildActionMask = 2147483647;
			files = (
				3514571628FEC60B00CEB5CE /* SnapKit in Frameworks */,
				3514571128FEC5F400CEB5CE /* Differentiator in Frameworks */,
				3514571328FEC5F400CEB5CE /* RxDataSources in Frameworks */,
			);
			runOnlyForDeploymentPostprocessing = 0;
		};
		3515CC2028FE783F00650FD4 /* Frameworks */ = {
			isa = PBXFrameworksBuildPhase;
			buildActionMask = 2147483647;
			files = (
			);
			runOnlyForDeploymentPostprocessing = 0;
		};
		3515CC2A28FE783F00650FD4 /* Frameworks */ = {
			isa = PBXFrameworksBuildPhase;
			buildActionMask = 2147483647;
			files = (
			);
			runOnlyForDeploymentPostprocessing = 0;
		};
/* End PBXFrameworksBuildPhase section */

/* Begin PBXGroup section */
		3514567628FEA3EA00CEB5CE /* Network */ = {
			isa = PBXGroup;
			children = (
				3514567E28FEA5EE00CEB5CE /* Protocol */,
				3514567F28FEA71400CEB5CE /* NetworkError.swift */,
				3514567728FEA3FF00CEB5CE /* NetworkServices.swift */,
				3514567928FEA44F00CEB5CE /* NetworkConfig.swift */,
				3514569728FEB2C200CEB5CE /* NetworkManager.swift */,
			);
			path = Network;
			sourceTree = "<group>";
		};
		3514567E28FEA5EE00CEB5CE /* Protocol */ = {
			isa = PBXGroup;
			children = (
				3514567B28FEA46100CEB5CE /* APIDataProtocol.swift */,
			);
			path = Protocol;
			sourceTree = "<group>";
		};
		3514569428FEB16A00CEB5CE /* HomePost Feature */ = {
			isa = PBXGroup;
			children = (
				3514574728FEE14E00CEB5CE /* Views */,
				351456C628FEBBF600CEB5CE /* Repository */,
				351456AC28FEB56300CEB5CE /* Model */,
				351456C828FEBC0B00CEB5CE /* HomePostVC.swift */,
				351456E128FEBDA200CEB5CE /* HomePostVMProtocol.swift */,
			);
			path = "HomePost Feature";
			sourceTree = "<group>";
		};
		351456AC28FEB56300CEB5CE /* Model */ = {
			isa = PBXGroup;
			children = (
				351456AD28FEB56F00CEB5CE /* PostModel.swift */,
				351456AF28FEB57600CEB5CE /* UserModel.swift */,
			);
			path = Model;
			sourceTree = "<group>";
		};
		351456BE28FEBA5B00CEB5CE /* Utils */ = {
			isa = PBXGroup;
			children = (
				3514574C28FEE36000CEB5CE /* UIView */,
				351456FA28FEC42600CEB5CE /* UIKit */,
				351456E928FEC10800CEB5CE /* State */,
				351456E528FEC08400CEB5CE /* RxSwift */,
				351456C128FEBA6C00CEB5CE /* Date */,
				3514572F28FEDED100CEB5CE /* Infix+Assignment.swift */,
			);
			path = Utils;
			sourceTree = "<group>";
		};
		351456C128FEBA6C00CEB5CE /* Date */ = {
			isa = PBXGroup;
			children = (
				351456C228FEBA7100CEB5CE /* Date+Ext.swift */,
				351456C428FEBB9E00CEB5CE /* String+Ext.swift */,
			);
			path = Date;
			sourceTree = "<group>";
		};
		351456C628FEBBF600CEB5CE /* Repository */ = {
			isa = PBXGroup;
			children = (
				3514569528FEB17200CEB5CE /* HomePostAPI.swift */,
			);
			path = Repository;
			sourceTree = "<group>";
		};
		351456CB28FEBCA300CEB5CE /* Shared */ = {
			isa = PBXGroup;
			children = (
				3514572C28FEDE1200CEB5CE /* Views */,
				351456CC28FEBCAB00CEB5CE /* SearchComponents.swift */,
				3514572A28FEDD9700CEB5CE /* BaseVC.swift */,
			);
			path = Shared;
			sourceTree = "<group>";
		};
		351456E528FEC08400CEB5CE /* RxSwift */ = {
			isa = PBXGroup;
			children = (
				351456EE28FEC1F200CEB5CE /* UITableview */,
				351456E628FEC08B00CEB5CE /* Wrapper */,
			);
			path = RxSwift;
			sourceTree = "<group>";
		};
		351456E628FEC08B00CEB5CE /* Wrapper */ = {
			isa = PBXGroup;
			children = (
				351456E728FEC09400CEB5CE /* RxBehaviour.swift */,
				351456EC28FEC17600CEB5CE /* RxPublished.swift */,
			);
			path = Wrapper;
			sourceTree = "<group>";
		};
		351456E928FEC10800CEB5CE /* State */ = {
			isa = PBXGroup;
			children = (
				351456EA28FEC11600CEB5CE /* UIViewState.swift */,
			);
			path = State;
			sourceTree = "<group>";
		};
		351456EE28FEC1F200CEB5CE /* UITableview */ = {
			isa = PBXGroup;
			children = (
				351456EF28FEC21200CEB5CE /* TableSectionViewModel.swift */,
			);
			path = UITableview;
			sourceTree = "<group>";
		};
		351456FA28FEC42600CEB5CE /* UIKit */ = {
			isa = PBXGroup;
			children = (
				3514573128FEDF3200CEB5CE /* Stack */,
				351456FB28FEC42B00CEB5CE /* UITableView */,
			);
			path = UIKit;
			sourceTree = "<group>";
		};
		351456FB28FEC42B00CEB5CE /* UITableView */ = {
			isa = PBXGroup;
			children = (
				351456FC28FEC43A00CEB5CE /* UITableView+Ext.swift */,
			);
			path = UITableView;
			sourceTree = "<group>";
		};
		3514572C28FEDE1200CEB5CE /* Views */ = {
			isa = PBXGroup;
			children = (
				3514572D28FEDE3B00CEB5CE /* PostContentCard.swift */,
				3514574A28FEE21C00CEB5CE /* LineSeparator.swift */,
			);
			path = Views;
			sourceTree = "<group>";
		};
		3514573128FEDF3200CEB5CE /* Stack */ = {
			isa = PBXGroup;
			children = (
				3514573228FEDF3800CEB5CE /* Stack.swift */,
			);
			path = Stack;
			sourceTree = "<group>";
		};
		3514574728FEE14E00CEB5CE /* Views */ = {
			isa = PBXGroup;
			children = (
				3514574828FEE15800CEB5CE /* PostCell.swift */,
			);
			path = Views;
			sourceTree = "<group>";
		};
		3514574C28FEE36000CEB5CE /* UIView */ = {
			isa = PBXGroup;
			children = (
				3514574D28FEE36B00CEB5CE /* UIView+Ext.swift */,
			);
			path = UIView;
			sourceTree = "<group>";
		};
		3515CC0428FE783A00650FD4 = {
			isa = PBXGroup;
			children = (
				3515CC0F28FE783A00650FD4 /* SocialApp */,
				3515CC2628FE783F00650FD4 /* SocialAppTests */,
				3515CC3028FE783F00650FD4 /* SocialAppUITests */,
				3515CC0E28FE783A00650FD4 /* Products */,
			);
			sourceTree = "<group>";
		};
		3515CC0E28FE783A00650FD4 /* Products */ = {
			isa = PBXGroup;
			children = (
				3515CC0D28FE783A00650FD4 /* SocialApp.app */,
				3515CC2328FE783F00650FD4 /* SocialAppTests.xctest */,
				3515CC2D28FE783F00650FD4 /* SocialAppUITests.xctest */,
			);
			name = Products;
			sourceTree = "<group>";
		};
		3515CC0F28FE783A00650FD4 /* SocialApp */ = {
			isa = PBXGroup;
			children = (
				351456CB28FEBCA300CEB5CE /* Shared */,
				351456BE28FEBA5B00CEB5CE /* Utils */,
				3514569428FEB16A00CEB5CE /* HomePost Feature */,
				3514567628FEA3EA00CEB5CE /* Network */,
				3515CC1028FE783A00650FD4 /* AppDelegate.swift */,
				3515CC1228FE783A00650FD4 /* SceneDelegate.swift */,
				3515CC1928FE783E00650FD4 /* Assets.xcassets */,
				3515CC1B28FE783E00650FD4 /* LaunchScreen.storyboard */,
				3515CC1E28FE783E00650FD4 /* Info.plist */,
			);
			path = SocialApp;
			sourceTree = "<group>";
		};
		3515CC2628FE783F00650FD4 /* SocialAppTests */ = {
			isa = PBXGroup;
			children = (
				3515CC2728FE783F00650FD4 /* SocialAppTests.swift */,
			);
			path = SocialAppTests;
			sourceTree = "<group>";
		};
		3515CC3028FE783F00650FD4 /* SocialAppUITests */ = {
			isa = PBXGroup;
			children = (
				3515CC3128FE783F00650FD4 /* SocialAppUITests.swift */,
				3515CC3328FE783F00650FD4 /* SocialAppUITestsLaunchTests.swift */,
			);
			path = SocialAppUITests;
			sourceTree = "<group>";
		};
/* End PBXGroup section */

/* Begin PBXNativeTarget section */
		3515CC0C28FE783A00650FD4 /* SocialApp */ = {
			isa = PBXNativeTarget;
			buildConfigurationList = 3515CC3728FE783F00650FD4 /* Build configuration list for PBXNativeTarget "SocialApp" */;
			buildPhases = (
				3515CC0928FE783A00650FD4 /* Sources */,
				3515CC0A28FE783A00650FD4 /* Frameworks */,
				3515CC0B28FE783A00650FD4 /* Resources */,
			);
			buildRules = (
			);
			dependencies = (
			);
			name = SocialApp;
			packageProductDependencies = (
				3514571028FEC5F400CEB5CE /* Differentiator */,
				3514571228FEC5F400CEB5CE /* RxDataSources */,
				3514571528FEC60B00CEB5CE /* SnapKit */,
			);
			productName = SocialApp;
			productReference = 3515CC0D28FE783A00650FD4 /* SocialApp.app */;
			productType = "com.apple.product-type.application";
		};
		3515CC2228FE783F00650FD4 /* SocialAppTests */ = {
			isa = PBXNativeTarget;
			buildConfigurationList = 3515CC3A28FE783F00650FD4 /* Build configuration list for PBXNativeTarget "SocialAppTests" */;
			buildPhases = (
				3515CC1F28FE783F00650FD4 /* Sources */,
				3515CC2028FE783F00650FD4 /* Frameworks */,
				3515CC2128FE783F00650FD4 /* Resources */,
			);
			buildRules = (
			);
			dependencies = (
				3515CC2528FE783F00650FD4 /* PBXTargetDependency */,
			);
			name = SocialAppTests;
			productName = SocialAppTests;
			productReference = 3515CC2328FE783F00650FD4 /* SocialAppTests.xctest */;
			productType = "com.apple.product-type.bundle.unit-test";
		};
		3515CC2C28FE783F00650FD4 /* SocialAppUITests */ = {
			isa = PBXNativeTarget;
			buildConfigurationList = 3515CC3D28FE783F00650FD4 /* Build configuration list for PBXNativeTarget "SocialAppUITests" */;
			buildPhases = (
				3515CC2928FE783F00650FD4 /* Sources */,
				3515CC2A28FE783F00650FD4 /* Frameworks */,
				3515CC2B28FE783F00650FD4 /* Resources */,
			);
			buildRules = (
			);
			dependencies = (
				3515CC2F28FE783F00650FD4 /* PBXTargetDependency */,
			);
			name = SocialAppUITests;
			productName = SocialAppUITests;
			productReference = 3515CC2D28FE783F00650FD4 /* SocialAppUITests.xctest */;
			productType = "com.apple.product-type.bundle.ui-testing";
		};
/* End PBXNativeTarget section */

/* Begin PBXProject section */
		3515CC0528FE783A00650FD4 /* Project object */ = {
			isa = PBXProject;
			attributes = {
				BuildIndependentTargetsInParallel = 1;
				LastSwiftUpdateCheck = 1340;
				LastUpgradeCheck = 1340;
				TargetAttributes = {
					3515CC0C28FE783A00650FD4 = {
						CreatedOnToolsVersion = 13.4.1;
					};
					3515CC2228FE783F00650FD4 = {
						CreatedOnToolsVersion = 13.4.1;
						TestTargetID = 3515CC0C28FE783A00650FD4;
					};
					3515CC2C28FE783F00650FD4 = {
						CreatedOnToolsVersion = 13.4.1;
						TestTargetID = 3515CC0C28FE783A00650FD4;
					};
				};
			};
			buildConfigurationList = 3515CC0828FE783A00650FD4 /* Build configuration list for PBXProject "SocialApp" */;
			compatibilityVersion = "Xcode 13.0";
			developmentRegion = en;
			hasScannedForEncodings = 0;
			knownRegions = (
				en,
				Base,
			);
			mainGroup = 3515CC0428FE783A00650FD4;
			packageReferences = (
				3514570F28FEC5F400CEB5CE /* XCRemoteSwiftPackageReference "RxDataSources" */,
				3514571428FEC60B00CEB5CE /* XCRemoteSwiftPackageReference "SnapKit" */,
			);
			productRefGroup = 3515CC0E28FE783A00650FD4 /* Products */;
			projectDirPath = "";
			projectRoot = "";
			targets = (
				3515CC0C28FE783A00650FD4 /* SocialApp */,
				3515CC2228FE783F00650FD4 /* SocialAppTests */,
				3515CC2C28FE783F00650FD4 /* SocialAppUITests */,
			);
		};
/* End PBXProject section */

/* Begin PBXResourcesBuildPhase section */
		3515CC0B28FE783A00650FD4 /* Resources */ = {
			isa = PBXResourcesBuildPhase;
			buildActionMask = 2147483647;
			files = (
				3515CC1D28FE783E00650FD4 /* LaunchScreen.storyboard in Resources */,
				3515CC1A28FE783E00650FD4 /* Assets.xcassets in Resources */,
			);
			runOnlyForDeploymentPostprocessing = 0;
		};
		3515CC2128FE783F00650FD4 /* Resources */ = {
			isa = PBXResourcesBuildPhase;
			buildActionMask = 2147483647;
			files = (
			);
			runOnlyForDeploymentPostprocessing = 0;
		};
		3515CC2B28FE783F00650FD4 /* Resources */ = {
			isa = PBXResourcesBuildPhase;
			buildActionMask = 2147483647;
			files = (
			);
			runOnlyForDeploymentPostprocessing = 0;
		};
/* End PBXResourcesBuildPhase section */

/* Begin PBXSourcesBuildPhase section */
		3515CC0928FE783A00650FD4 /* Sources */ = {
			isa = PBXSourcesBuildPhase;
			buildActionMask = 2147483647;
			files = (
				3514569828FEB2C200CEB5CE /* NetworkManager.swift in Sources */,
				351456AE28FEB56F00CEB5CE /* PostModel.swift in Sources */,
				351456ED28FEC17600CEB5CE /* RxPublished.swift in Sources */,
				3514573028FEDED100CEB5CE /* Infix+Assignment.swift in Sources */,
				351456C528FEBB9E00CEB5CE /* String+Ext.swift in Sources */,
				3514574E28FEE36B00CEB5CE /* UIView+Ext.swift in Sources */,
				351456C328FEBA7100CEB5CE /* Date+Ext.swift in Sources */,
				3514568028FEA71400CEB5CE /* NetworkError.swift in Sources */,
				3514567A28FEA44F00CEB5CE /* NetworkConfig.swift in Sources */,
				351456E228FEBDA200CEB5CE /* HomePostVMProtocol.swift in Sources */,
				351456E828FEC09400CEB5CE /* RxBehaviour.swift in Sources */,
				3514569628FEB17200CEB5CE /* HomePostAPI.swift in Sources */,
				3514573328FEDF3800CEB5CE /* Stack.swift in Sources */,
				3514567C28FEA46100CEB5CE /* APIDataProtocol.swift in Sources */,
				351456C928FEBC0B00CEB5CE /* HomePostVC.swift in Sources */,
				3514572E28FEDE3B00CEB5CE /* PostContentCard.swift in Sources */,
				351456CD28FEBCAB00CEB5CE /* SearchComponents.swift in Sources */,
				3515CC1128FE783A00650FD4 /* AppDelegate.swift in Sources */,
				351456EB28FEC11600CEB5CE /* UIViewState.swift in Sources */,
				3514567828FEA3FF00CEB5CE /* NetworkServices.swift in Sources */,
				3514574928FEE15800CEB5CE /* PostCell.swift in Sources */,
				3515CC1328FE783A00650FD4 /* SceneDelegate.swift in Sources */,
				351456FD28FEC43A00CEB5CE /* UITableView+Ext.swift in Sources */,
				351456B028FEB57600CEB5CE /* UserModel.swift in Sources */,
				3514574B28FEE21C00CEB5CE /* LineSeparator.swift in Sources */,
				3514572B28FEDD9700CEB5CE /* BaseVC.swift in Sources */,
				351456F028FEC21200CEB5CE /* TableSectionViewModel.swift in Sources */,
			);
			runOnlyForDeploymentPostprocessing = 0;
		};
		3515CC1F28FE783F00650FD4 /* Sources */ = {
			isa = PBXSourcesBuildPhase;
			buildActionMask = 2147483647;
			files = (
				3515CC2828FE783F00650FD4 /* SocialAppTests.swift in Sources */,
			);
			runOnlyForDeploymentPostprocessing = 0;
		};
		3515CC2928FE783F00650FD4 /* Sources */ = {
			isa = PBXSourcesBuildPhase;
			buildActionMask = 2147483647;
			files = (
				3515CC3228FE783F00650FD4 /* SocialAppUITests.swift in Sources */,
				3515CC3428FE783F00650FD4 /* SocialAppUITestsLaunchTests.swift in Sources */,
			);
			runOnlyForDeploymentPostprocessing = 0;
		};
/* End PBXSourcesBuildPhase section */

/* Begin PBXTargetDependency section */
		3515CC2528FE783F00650FD4 /* PBXTargetDependency */ = {
			isa = PBXTargetDependency;
			target = 3515CC0C28FE783A00650FD4 /* SocialApp */;
			targetProxy = 3515CC2428FE783F00650FD4 /* PBXContainerItemProxy */;
		};
		3515CC2F28FE783F00650FD4 /* PBXTargetDependency */ = {
			isa = PBXTargetDependency;
			target = 3515CC0C28FE783A00650FD4 /* SocialApp */;
			targetProxy = 3515CC2E28FE783F00650FD4 /* PBXContainerItemProxy */;
		};
/* End PBXTargetDependency section */

/* Begin PBXVariantGroup section */
		3515CC1B28FE783E00650FD4 /* LaunchScreen.storyboard */ = {
			isa = PBXVariantGroup;
			children = (
				3515CC1C28FE783E00650FD4 /* Base */,
			);
			name = LaunchScreen.storyboard;
			sourceTree = "<group>";
		};
/* End PBXVariantGroup section */

/* Begin XCBuildConfiguration section */
		3515CC3528FE783F00650FD4 /* Debug */ = {
			isa = XCBuildConfiguration;
			buildSettings = {
				ALWAYS_SEARCH_USER_PATHS = NO;
				CLANG_ANALYZER_NONNULL = YES;
				CLANG_ANALYZER_NUMBER_OBJECT_CONVERSION = YES_AGGRESSIVE;
				CLANG_CXX_LANGUAGE_STANDARD = "gnu++17";
				CLANG_ENABLE_MODULES = YES;
				CLANG_ENABLE_OBJC_ARC = YES;
				CLANG_ENABLE_OBJC_WEAK = YES;
				CLANG_WARN_BLOCK_CAPTURE_AUTORELEASING = YES;
				CLANG_WARN_BOOL_CONVERSION = YES;
				CLANG_WARN_COMMA = YES;
				CLANG_WARN_CONSTANT_CONVERSION = YES;
				CLANG_WARN_DEPRECATED_OBJC_IMPLEMENTATIONS = YES;
				CLANG_WARN_DIRECT_OBJC_ISA_USAGE = YES_ERROR;
				CLANG_WARN_DOCUMENTATION_COMMENTS = YES;
				CLANG_WARN_EMPTY_BODY = YES;
				CLANG_WARN_ENUM_CONVERSION = YES;
				CLANG_WARN_INFINITE_RECURSION = YES;
				CLANG_WARN_INT_CONVERSION = YES;
				CLANG_WARN_NON_LITERAL_NULL_CONVERSION = YES;
				CLANG_WARN_OBJC_IMPLICIT_RETAIN_SELF = YES;
				CLANG_WARN_OBJC_LITERAL_CONVERSION = YES;
				CLANG_WARN_OBJC_ROOT_CLASS = YES_ERROR;
				CLANG_WARN_QUOTED_INCLUDE_IN_FRAMEWORK_HEADER = YES;
				CLANG_WARN_RANGE_LOOP_ANALYSIS = YES;
				CLANG_WARN_STRICT_PROTOTYPES = YES;
				CLANG_WARN_SUSPICIOUS_MOVE = YES;
				CLANG_WARN_UNGUARDED_AVAILABILITY = YES_AGGRESSIVE;
				CLANG_WARN_UNREACHABLE_CODE = YES;
				CLANG_WARN__DUPLICATE_METHOD_MATCH = YES;
				COPY_PHASE_STRIP = NO;
				DEBUG_INFORMATION_FORMAT = dwarf;
				ENABLE_STRICT_OBJC_MSGSEND = YES;
				ENABLE_TESTABILITY = YES;
				GCC_C_LANGUAGE_STANDARD = gnu11;
				GCC_DYNAMIC_NO_PIC = NO;
				GCC_NO_COMMON_BLOCKS = YES;
				GCC_OPTIMIZATION_LEVEL = 0;
				GCC_PREPROCESSOR_DEFINITIONS = (
					"DEBUG=1",
					"$(inherited)",
				);
				GCC_WARN_64_TO_32_BIT_CONVERSION = YES;
				GCC_WARN_ABOUT_RETURN_TYPE = YES_ERROR;
				GCC_WARN_UNDECLARED_SELECTOR = YES;
				GCC_WARN_UNINITIALIZED_AUTOS = YES_AGGRESSIVE;
				GCC_WARN_UNUSED_FUNCTION = YES;
				GCC_WARN_UNUSED_VARIABLE = YES;
				IPHONEOS_DEPLOYMENT_TARGET = 15.5;
				MTL_ENABLE_DEBUG_INFO = INCLUDE_SOURCE;
				MTL_FAST_MATH = YES;
				ONLY_ACTIVE_ARCH = YES;
				SDKROOT = iphoneos;
				SWIFT_ACTIVE_COMPILATION_CONDITIONS = DEBUG;
				SWIFT_OPTIMIZATION_LEVEL = "-Onone";
			};
			name = Debug;
		};
		3515CC3628FE783F00650FD4 /* Release */ = {
			isa = XCBuildConfiguration;
			buildSettings = {
				ALWAYS_SEARCH_USER_PATHS = NO;
				CLANG_ANALYZER_NONNULL = YES;
				CLANG_ANALYZER_NUMBER_OBJECT_CONVERSION = YES_AGGRESSIVE;
				CLANG_CXX_LANGUAGE_STANDARD = "gnu++17";
				CLANG_ENABLE_MODULES = YES;
				CLANG_ENABLE_OBJC_ARC = YES;
				CLANG_ENABLE_OBJC_WEAK = YES;
				CLANG_WARN_BLOCK_CAPTURE_AUTORELEASING = YES;
				CLANG_WARN_BOOL_CONVERSION = YES;
				CLANG_WARN_COMMA = YES;
				CLANG_WARN_CONSTANT_CONVERSION = YES;
				CLANG_WARN_DEPRECATED_OBJC_IMPLEMENTATIONS = YES;
				CLANG_WARN_DIRECT_OBJC_ISA_USAGE = YES_ERROR;
				CLANG_WARN_DOCUMENTATION_COMMENTS = YES;
				CLANG_WARN_EMPTY_BODY = YES;
				CLANG_WARN_ENUM_CONVERSION = YES;
				CLANG_WARN_INFINITE_RECURSION = YES;
				CLANG_WARN_INT_CONVERSION = YES;
				CLANG_WARN_NON_LITERAL_NULL_CONVERSION = YES;
				CLANG_WARN_OBJC_IMPLICIT_RETAIN_SELF = YES;
				CLANG_WARN_OBJC_LITERAL_CONVERSION = YES;
				CLANG_WARN_OBJC_ROOT_CLASS = YES_ERROR;
				CLANG_WARN_QUOTED_INCLUDE_IN_FRAMEWORK_HEADER = YES;
				CLANG_WARN_RANGE_LOOP_ANALYSIS = YES;
				CLANG_WARN_STRICT_PROTOTYPES = YES;
				CLANG_WARN_SUSPICIOUS_MOVE = YES;
				CLANG_WARN_UNGUARDED_AVAILABILITY = YES_AGGRESSIVE;
				CLANG_WARN_UNREACHABLE_CODE = YES;
				CLANG_WARN__DUPLICATE_METHOD_MATCH = YES;
				COPY_PHASE_STRIP = NO;
				DEBUG_INFORMATION_FORMAT = "dwarf-with-dsym";
				ENABLE_NS_ASSERTIONS = NO;
				ENABLE_STRICT_OBJC_MSGSEND = YES;
				GCC_C_LANGUAGE_STANDARD = gnu11;
				GCC_NO_COMMON_BLOCKS = YES;
				GCC_WARN_64_TO_32_BIT_CONVERSION = YES;
				GCC_WARN_ABOUT_RETURN_TYPE = YES_ERROR;
				GCC_WARN_UNDECLARED_SELECTOR = YES;
				GCC_WARN_UNINITIALIZED_AUTOS = YES_AGGRESSIVE;
				GCC_WARN_UNUSED_FUNCTION = YES;
				GCC_WARN_UNUSED_VARIABLE = YES;
				IPHONEOS_DEPLOYMENT_TARGET = 15.5;
				MTL_ENABLE_DEBUG_INFO = NO;
				MTL_FAST_MATH = YES;
				SDKROOT = iphoneos;
				SWIFT_COMPILATION_MODE = wholemodule;
				SWIFT_OPTIMIZATION_LEVEL = "-O";
				VALIDATE_PRODUCT = YES;
			};
			name = Release;
		};
		3515CC3828FE783F00650FD4 /* Debug */ = {
			isa = XCBuildConfiguration;
			buildSettings = {
				ASSETCATALOG_COMPILER_APPICON_NAME = AppIcon;
				ASSETCATALOG_COMPILER_GLOBAL_ACCENT_COLOR_NAME = AccentColor;
				CODE_SIGN_STYLE = Automatic;
				CURRENT_PROJECT_VERSION = 1;
				DEVELOPMENT_TEAM = FP55KKKRBP;
				GENERATE_INFOPLIST_FILE = YES;
				INFOPLIST_FILE = SocialApp/Info.plist;
				INFOPLIST_KEY_UIApplicationSupportsIndirectInputEvents = YES;
				INFOPLIST_KEY_UILaunchStoryboardName = LaunchScreen;
				INFOPLIST_KEY_UISupportedInterfaceOrientations_iPad = "UIInterfaceOrientationPortrait UIInterfaceOrientationPortraitUpsideDown UIInterfaceOrientationLandscapeLeft UIInterfaceOrientationLandscapeRight";
				INFOPLIST_KEY_UISupportedInterfaceOrientations_iPhone = "UIInterfaceOrientationPortrait UIInterfaceOrientationLandscapeLeft UIInterfaceOrientationLandscapeRight";
				IPHONEOS_DEPLOYMENT_TARGET = 14.0;
				LD_RUNPATH_SEARCH_PATHS = (
					"$(inherited)",
					"@executable_path/Frameworks",
				);
				MARKETING_VERSION = 1.0;
				PRODUCT_BUNDLE_IDENTIFIER = id.whuangz.com.SocialApp;
				PRODUCT_NAME = "$(TARGET_NAME)";
				SWIFT_EMIT_LOC_STRINGS = YES;
				SWIFT_VERSION = 5.0;
				TARGETED_DEVICE_FAMILY = "1,2";
			};
			name = Debug;
		};
		3515CC3928FE783F00650FD4 /* Release */ = {
			isa = XCBuildConfiguration;
			buildSettings = {
				ASSETCATALOG_COMPILER_APPICON_NAME = AppIcon;
				ASSETCATALOG_COMPILER_GLOBAL_ACCENT_COLOR_NAME = AccentColor;
				CODE_SIGN_STYLE = Automatic;
				CURRENT_PROJECT_VERSION = 1;
				DEVELOPMENT_TEAM = FP55KKKRBP;
				GENERATE_INFOPLIST_FILE = YES;
				INFOPLIST_FILE = SocialApp/Info.plist;
				INFOPLIST_KEY_UIApplicationSupportsIndirectInputEvents = YES;
				INFOPLIST_KEY_UILaunchStoryboardName = LaunchScreen;
				INFOPLIST_KEY_UISupportedInterfaceOrientations_iPad = "UIInterfaceOrientationPortrait UIInterfaceOrientationPortraitUpsideDown UIInterfaceOrientationLandscapeLeft UIInterfaceOrientationLandscapeRight";
				INFOPLIST_KEY_UISupportedInterfaceOrientations_iPhone = "UIInterfaceOrientationPortrait UIInterfaceOrientationLandscapeLeft UIInterfaceOrientationLandscapeRight";
				IPHONEOS_DEPLOYMENT_TARGET = 14.0;
				LD_RUNPATH_SEARCH_PATHS = (
					"$(inherited)",
					"@executable_path/Frameworks",
				);
				MARKETING_VERSION = 1.0;
				PRODUCT_BUNDLE_IDENTIFIER = id.whuangz.com.SocialApp;
				PRODUCT_NAME = "$(TARGET_NAME)";
				SWIFT_EMIT_LOC_STRINGS = YES;
				SWIFT_VERSION = 5.0;
				TARGETED_DEVICE_FAMILY = "1,2";
			};
			name = Release;
		};
		3515CC3B28FE783F00650FD4 /* Debug */ = {
			isa = XCBuildConfiguration;
			buildSettings = {
				ALWAYS_EMBED_SWIFT_STANDARD_LIBRARIES = YES;
				BUNDLE_LOADER = "$(TEST_HOST)";
				CODE_SIGN_STYLE = Automatic;
				CURRENT_PROJECT_VERSION = 1;
				DEVELOPMENT_TEAM = FP55KKKRBP;
				GENERATE_INFOPLIST_FILE = YES;
				IPHONEOS_DEPLOYMENT_TARGET = 15.5;
				MARKETING_VERSION = 1.0;
				PRODUCT_BUNDLE_IDENTIFIER = id.whuangz.com.SocialAppTests;
				PRODUCT_NAME = "$(TARGET_NAME)";
				SWIFT_EMIT_LOC_STRINGS = NO;
				SWIFT_VERSION = 5.0;
				TARGETED_DEVICE_FAMILY = "1,2";
				TEST_HOST = "$(BUILT_PRODUCTS_DIR)/SocialApp.app/SocialApp";
			};
			name = Debug;
		};
		3515CC3C28FE783F00650FD4 /* Release */ = {
			isa = XCBuildConfiguration;
			buildSettings = {
				ALWAYS_EMBED_SWIFT_STANDARD_LIBRARIES = YES;
				BUNDLE_LOADER = "$(TEST_HOST)";
				CODE_SIGN_STYLE = Automatic;
				CURRENT_PROJECT_VERSION = 1;
				DEVELOPMENT_TEAM = FP55KKKRBP;
				GENERATE_INFOPLIST_FILE = YES;
				IPHONEOS_DEPLOYMENT_TARGET = 15.5;
				MARKETING_VERSION = 1.0;
				PRODUCT_BUNDLE_IDENTIFIER = id.whuangz.com.SocialAppTests;
				PRODUCT_NAME = "$(TARGET_NAME)";
				SWIFT_EMIT_LOC_STRINGS = NO;
				SWIFT_VERSION = 5.0;
				TARGETED_DEVICE_FAMILY = "1,2";
				TEST_HOST = "$(BUILT_PRODUCTS_DIR)/SocialApp.app/SocialApp";
			};
			name = Release;
		};
		3515CC3E28FE783F00650FD4 /* Debug */ = {
			isa = XCBuildConfiguration;
			buildSettings = {
				ALWAYS_EMBED_SWIFT_STANDARD_LIBRARIES = YES;
				CODE_SIGN_STYLE = Automatic;
				CURRENT_PROJECT_VERSION = 1;
				DEVELOPMENT_TEAM = FP55KKKRBP;
				GENERATE_INFOPLIST_FILE = YES;
				MARKETING_VERSION = 1.0;
				PRODUCT_BUNDLE_IDENTIFIER = id.whuangz.com.SocialAppUITests;
				PRODUCT_NAME = "$(TARGET_NAME)";
				SWIFT_EMIT_LOC_STRINGS = NO;
				SWIFT_VERSION = 5.0;
				TARGETED_DEVICE_FAMILY = "1,2";
				TEST_TARGET_NAME = SocialApp;
			};
			name = Debug;
		};
		3515CC3F28FE783F00650FD4 /* Release */ = {
			isa = XCBuildConfiguration;
			buildSettings = {
				ALWAYS_EMBED_SWIFT_STANDARD_LIBRARIES = YES;
				CODE_SIGN_STYLE = Automatic;
				CURRENT_PROJECT_VERSION = 1;
				DEVELOPMENT_TEAM = FP55KKKRBP;
				GENERATE_INFOPLIST_FILE = YES;
				MARKETING_VERSION = 1.0;
				PRODUCT_BUNDLE_IDENTIFIER = id.whuangz.com.SocialAppUITests;
				PRODUCT_NAME = "$(TARGET_NAME)";
				SWIFT_EMIT_LOC_STRINGS = NO;
				SWIFT_VERSION = 5.0;
				TARGETED_DEVICE_FAMILY = "1,2";
				TEST_TARGET_NAME = SocialApp;
			};
			name = Release;
		};
/* End XCBuildConfiguration section */

/* Begin XCConfigurationList section */
		3515CC0828FE783A00650FD4 /* Build configuration list for PBXProject "SocialApp" */ = {
			isa = XCConfigurationList;
			buildConfigurations = (
				3515CC3528FE783F00650FD4 /* Debug */,
				3515CC3628FE783F00650FD4 /* Release */,
			);
			defaultConfigurationIsVisible = 0;
			defaultConfigurationName = Release;
		};
		3515CC3728FE783F00650FD4 /* Build configuration list for PBXNativeTarget "SocialApp" */ = {
			isa = XCConfigurationList;
			buildConfigurations = (
				3515CC3828FE783F00650FD4 /* Debug */,
				3515CC3928FE783F00650FD4 /* Release */,
			);
			defaultConfigurationIsVisible = 0;
			defaultConfigurationName = Release;
		};
		3515CC3A28FE783F00650FD4 /* Build configuration list for PBXNativeTarget "SocialAppTests" */ = {
			isa = XCConfigurationList;
			buildConfigurations = (
				3515CC3B28FE783F00650FD4 /* Debug */,
				3515CC3C28FE783F00650FD4 /* Release */,
			);
			defaultConfigurationIsVisible = 0;
			defaultConfigurationName = Release;
		};
		3515CC3D28FE783F00650FD4 /* Build configuration list for PBXNativeTarget "SocialAppUITests" */ = {
			isa = XCConfigurationList;
			buildConfigurations = (
				3515CC3E28FE783F00650FD4 /* Debug */,
				3515CC3F28FE783F00650FD4 /* Release */,
			);
			defaultConfigurationIsVisible = 0;
			defaultConfigurationName = Release;
		};
/* End XCConfigurationList section */

/* Begin XCRemoteSwiftPackageReference section */
		3514570F28FEC5F400CEB5CE /* XCRemoteSwiftPackageReference "RxDataSources" */ = {
			isa = XCRemoteSwiftPackageReference;
			repositoryURL = "https://github.com/RxSwiftCommunity/RxDataSources.git";
			requirement = {
				kind = upToNextMajorVersion;
				minimumVersion = 5.0.0;
			};
		};
		3514571428FEC60B00CEB5CE /* XCRemoteSwiftPackageReference "SnapKit" */ = {
			isa = XCRemoteSwiftPackageReference;
			repositoryURL = "https://github.com/SnapKit/SnapKit.git";
			requirement = {
				kind = upToNextMajorVersion;
				minimumVersion = 5.0.0;
			};
		};
/* End XCRemoteSwiftPackageReference section */

/* Begin XCSwiftPackageProductDependency section */
		3514571028FEC5F400CEB5CE /* Differentiator */ = {
			isa = XCSwiftPackageProductDependency;
			package = 3514570F28FEC5F400CEB5CE /* XCRemoteSwiftPackageReference "RxDataSources" */;
			productName = Differentiator;
		};
		3514571228FEC5F400CEB5CE /* RxDataSources */ = {
			isa = XCSwiftPackageProductDependency;
			package = 3514570F28FEC5F400CEB5CE /* XCRemoteSwiftPackageReference "RxDataSources" */;
			productName = RxDataSources;
		};
		3514571528FEC60B00CEB5CE /* SnapKit */ = {
			isa = XCSwiftPackageProductDependency;
			package = 3514571428FEC60B00CEB5CE /* XCRemoteSwiftPackageReference "SnapKit" */;
			productName = SnapKit;
		};
/* End XCSwiftPackageProductDependency section */
	};
	rootObject = 3515CC0528FE783A00650FD4 /* Project object */;
}
